
Microsoft Visual Studio Solution File, Format Version 12.00
# Visual Studio 15
VisualStudioVersion = 15.0.28010.2048
MinimumVisualStudioVersion = 10.0.40219.1
Project("{FAE04EC0-301F-11D3-BF4B-00C04F79EFBC}") = "Ersa.Platform.Plc", "Ersa.Platform.Plc\Ersa.Platform.Plc.csproj", "{208A382A-840E-44E6-B6BE-C4889F09616F}"
EndProject
Global
	GlobalSection(SolutionConfigurationPlatforms) = preSolution
		Debug|Any CPU = Debug|Any CPU
		Release|Any CPU = Release|Any CPU
	EndGlobalSection
	GlobalSection(ProjectConfigurationPlatforms) = postSolution
		{208A382A-840E-44E6-B6BE-C4889F09616F}.Debug|Any CPU.ActiveCfg = Debug|Any CPU
		{208A382A-840E-44E6-B6BE-C4889F09616F}.Debug|Any CPU.Build.0 = Debug|Any CPU
		{208A382A-840E-44E6-B6BE-C4889F09616F}.Release|Any CPU.ActiveCfg = Release|Any CPU
		{208A382A-840E-44E6-B6BE-C4889F09616F}.Release|Any CPU.Build.0 = Release|Any CPU
	EndGlobalSection
	GlobalSection(SolutionProperties) = preSolution
		HideSolutionNode = FALSE
	EndGlobalSection
	GlobalSection(ExtensibilityGlobals) = postSolution
		SolutionGuid = {E81F45AC-1E55-48FA-BF4E-723CA04C01E7}
	EndGlobalSection
EndGlobal
