
Microsoft Visual Studio Solution File, Format Version 12.00
# Visual Studio 15
VisualStudioVersion = 15.0.28010.2048
MinimumVisualStudioVersion = 10.0.40219.1
Project("{FAE04EC0-301F-11D3-BF4B-00C04F79EFBC}") = "Ersa.Platform.Plc", "Ersa.Platform.Plc\Ersa.Platform.Plc.csproj", "{208A382A-840E-44E6-B6BE-C4889F09616F}"
EndProject
Project("{FAE04EC0-301F-11D3-BF4B-00C04F79EFBC}") = "Ersa.Global.Common", "Ersa.Global.Common\Ersa.Global.Common.csproj", "{6314C658-D02E-4B6B-8165-803A325B2D1B}"
EndProject
Project("{FAE04EC0-301F-11D3-BF4B-00C04F79EFBC}") = "BR.AN.PviServices", "BR.AN.PviServices\BR.AN.PviServices.csproj", "{889B52F1-5D5C-4803-B158-15CA0E89847D}"
EndProject
Project("{FAE04EC0-301F-11D3-BF4B-00C04F79EFBC}") = "Ersa.Platform.Logging", "Ersa.Platform.Logging\Ersa.Platform.Logging.csproj", "{D2368BAB-4826-4B8E-B67A-577958848676}"
EndProject
Project("{FAE04EC0-301F-11D3-BF4B-00C04F79EFBC}") = "Ersa.Platform.Common.Model", "Ersa.Platform.Common.Model\Ersa.Platform.Common.Model.csproj", "{D6FADE21-DDA2-45E5-9899-45D1C21ABDE9}"
EndProject
Project("{FAE04EC0-301F-11D3-BF4B-00C04F79EFBC}") = "Ersa.Platform.Common", "Ersa.Platform.Common\Ersa.Platform.Common.csproj", "{44ADB178-8105-4CA2-8931-DF01D7E94BAF}"
EndProject
Project("{FAE04EC0-301F-11D3-BF4B-00C04F79EFBC}") = "Ersa.Global.Mvvm", "Ersa.Global.Mvvm\Ersa.Global.Mvvm.csproj", "{1C914E58-40B4-4742-B010-FB5D0E8924F4}"
EndProject
Project("{FAE04EC0-301F-11D3-BF4B-00C04F79EFBC}") = "Ersa.Platform.Mes", "Ersa.Platform.Mes\Ersa.Platform.Mes.csproj", "{DA3A9886-FADB-4448-A4DF-6F963BE70D2E}"
EndProject
Project("{FAE04EC0-301F-11D3-BF4B-00C04F79EFBC}") = "Ersa.Global.Dienste", "Ersa.Global.Dienste\Ersa.Global.Dienste.csproj", "{FBCA0D26-738A-412B-B7CB-31526E0BBBA9}"
EndProject
Project("{FAE04EC0-301F-11D3-BF4B-00C04F79EFBC}") = "Ersa.Platform.DataDienste", "Ersa.Platform.DataDienste\Ersa.Platform.DataDienste.csproj", "{6EF12D72-5DDC-477E-8140-981667A358E8}"
EndProject
Project("{FAE04EC0-301F-11D3-BF4B-00C04F79EFBC}") = "Ersa.Platform.Lokalisierung", "Ersa.Platform.Lokalisierung\Ersa.Platform.Lokalisierung.csproj", "{C20DFD66-778D-4288-827C-DEDF438EB9C6}"
EndProject
Project("{FAE04EC0-301F-11D3-BF4B-00C04F79EFBC}") = "Ersa.Platform.UI.Common", "Ersa.Platform.UI.Common\Ersa.Platform.UI.Common.csproj", "{008E28BC-0F58-4CB3-890E-EFD48C21D5C8}"
EndProject
Project("{FAE04EC0-301F-11D3-BF4B-00C04F79EFBC}") = "Ersa.Platform.Module", "Ersa.Platform.Module\Ersa.Platform.Module.csproj", "{537AC273-49A0-4850-8A1A-EDD181220A31}"
EndProject
Project("{FAE04EC0-301F-11D3-BF4B-00C04F79EFBC}") = "Ersa.Platform.Infrastructure", "Ersa.Platform.Infrastructure\Ersa.Platform.Infrastructure.csproj", "{16E4C6B9-86BD-4CE2-A093-2EEF341454AF}"
EndProject
Project("{FAE04EC0-301F-11D3-BF4B-00C04F79EFBC}") = "Ersa.Platform.CapabilityContracts", "Ersa.Platform.CapabilityContracts\Ersa.Platform.CapabilityContracts.csproj", "{9C1A832F-73F8-4AE5-995B-25B252448A8A}"
EndProject
Project("{FAE04EC0-301F-11D3-BF4B-00C04F79EFBC}") = "ERSA.Logging", "ERSA.Logging\ERSA.Logging.csproj", "{BEE401D4-14B3-4408-B533-9185B1FAE4A9}"
EndProject
Global
	GlobalSection(SolutionConfigurationPlatforms) = preSolution
		Debug|Any CPU = Debug|Any CPU
		Debug|x86 = Debug|x86
		Release|Any CPU = Release|Any CPU
		Release|x86 = Release|x86
	EndGlobalSection
	GlobalSection(ProjectConfigurationPlatforms) = postSolution
		{208A382A-840E-44E6-B6BE-C4889F09616F}.Debug|Any CPU.ActiveCfg = Debug|Any CPU
		{208A382A-840E-44E6-B6BE-C4889F09616F}.Debug|Any CPU.Build.0 = Debug|Any CPU
		{208A382A-840E-44E6-B6BE-C4889F09616F}.Debug|x86.ActiveCfg = Debug|Any CPU
		{208A382A-840E-44E6-B6BE-C4889F09616F}.Debug|x86.Build.0 = Debug|Any CPU
		{208A382A-840E-44E6-B6BE-C4889F09616F}.Release|Any CPU.ActiveCfg = Release|Any CPU
		{208A382A-840E-44E6-B6BE-C4889F09616F}.Release|Any CPU.Build.0 = Release|Any CPU
		{208A382A-840E-44E6-B6BE-C4889F09616F}.Release|x86.ActiveCfg = Release|Any CPU
		{208A382A-840E-44E6-B6BE-C4889F09616F}.Release|x86.Build.0 = Release|Any CPU
		{6314C658-D02E-4B6B-8165-803A325B2D1B}.Debug|Any CPU.ActiveCfg = Debug|Any CPU
		{6314C658-D02E-4B6B-8165-803A325B2D1B}.Debug|x86.ActiveCfg = Debug|Any CPU
		{6314C658-D02E-4B6B-8165-803A325B2D1B}.Debug|x86.Build.0 = Debug|Any CPU
		{6314C658-D02E-4B6B-8165-803A325B2D1B}.Release|Any CPU.ActiveCfg = Release|Any CPU
		{6314C658-D02E-4B6B-8165-803A325B2D1B}.Release|Any CPU.Build.0 = Release|Any CPU
		{6314C658-D02E-4B6B-8165-803A325B2D1B}.Release|x86.ActiveCfg = Release|Any CPU
		{6314C658-D02E-4B6B-8165-803A325B2D1B}.Release|x86.Build.0 = Release|Any CPU
		{889B52F1-5D5C-4803-B158-15CA0E89847D}.Debug|Any CPU.ActiveCfg = Debug|x86
		{889B52F1-5D5C-4803-B158-15CA0E89847D}.Debug|x86.ActiveCfg = Debug|x86
		{889B52F1-5D5C-4803-B158-15CA0E89847D}.Debug|x86.Build.0 = Debug|x86
		{889B52F1-5D5C-4803-B158-15CA0E89847D}.Release|Any CPU.ActiveCfg = Release|x86
		{889B52F1-5D5C-4803-B158-15CA0E89847D}.Release|x86.ActiveCfg = Release|x86
		{889B52F1-5D5C-4803-B158-15CA0E89847D}.Release|x86.Build.0 = Release|x86
		{D2368BAB-4826-4B8E-B67A-577958848676}.Debug|Any CPU.ActiveCfg = Debug|Any CPU
		{D2368BAB-4826-4B8E-B67A-577958848676}.Debug|Any CPU.Build.0 = Debug|Any CPU
		{D2368BAB-4826-4B8E-B67A-577958848676}.Debug|x86.ActiveCfg = Debug|Any CPU
		{D2368BAB-4826-4B8E-B67A-577958848676}.Debug|x86.Build.0 = Debug|Any CPU
		{D2368BAB-4826-4B8E-B67A-577958848676}.Release|Any CPU.ActiveCfg = Release|Any CPU
		{D2368BAB-4826-4B8E-B67A-577958848676}.Release|Any CPU.Build.0 = Release|Any CPU
		{D2368BAB-4826-4B8E-B67A-577958848676}.Release|x86.ActiveCfg = Release|Any CPU
		{D2368BAB-4826-4B8E-B67A-577958848676}.Release|x86.Build.0 = Release|Any CPU
		{D6FADE21-DDA2-45E5-9899-45D1C21ABDE9}.Debug|Any CPU.ActiveCfg = Debug|Any CPU
		{D6FADE21-DDA2-45E5-9899-45D1C21ABDE9}.Debug|x86.ActiveCfg = Debug|Any CPU
		{D6FADE21-DDA2-45E5-9899-45D1C21ABDE9}.Debug|x86.Build.0 = Debug|Any CPU
		{D6FADE21-DDA2-45E5-9899-45D1C21ABDE9}.Release|Any CPU.ActiveCfg = Release|Any CPU
		{D6FADE21-DDA2-45E5-9899-45D1C21ABDE9}.Release|Any CPU.Build.0 = Release|Any CPU
		{D6FADE21-DDA2-45E5-9899-45D1C21ABDE9}.Release|x86.ActiveCfg = Release|Any CPU
		{D6FADE21-DDA2-45E5-9899-45D1C21ABDE9}.Release|x86.Build.0 = Release|Any CPU
		{44ADB178-8105-4CA2-8931-DF01D7E94BAF}.Debug|Any CPU.ActiveCfg = Debug|Any CPU
		{44ADB178-8105-4CA2-8931-DF01D7E94BAF}.Debug|x86.ActiveCfg = Debug|Any CPU
		{44ADB178-8105-4CA2-8931-DF01D7E94BAF}.Debug|x86.Build.0 = Debug|Any CPU
		{44ADB178-8105-4CA2-8931-DF01D7E94BAF}.Release|Any CPU.ActiveCfg = Release|Any CPU
		{44ADB178-8105-4CA2-8931-DF01D7E94BAF}.Release|Any CPU.Build.0 = Release|Any CPU
		{44ADB178-8105-4CA2-8931-DF01D7E94BAF}.Release|x86.ActiveCfg = Release|Any CPU
		{44ADB178-8105-4CA2-8931-DF01D7E94BAF}.Release|x86.Build.0 = Release|Any CPU
		{1C914E58-40B4-4742-B010-FB5D0E8924F4}.Debug|Any CPU.ActiveCfg = Debug|Any CPU
		{1C914E58-40B4-4742-B010-FB5D0E8924F4}.Debug|x86.ActiveCfg = Debug|Any CPU
		{1C914E58-40B4-4742-B010-FB5D0E8924F4}.Debug|x86.Build.0 = Debug|Any CPU
		{1C914E58-40B4-4742-B010-FB5D0E8924F4}.Release|Any CPU.ActiveCfg = Release|Any CPU
		{1C914E58-40B4-4742-B010-FB5D0E8924F4}.Release|Any CPU.Build.0 = Release|Any CPU
		{1C914E58-40B4-4742-B010-FB5D0E8924F4}.Release|x86.ActiveCfg = Release|Any CPU
		{1C914E58-40B4-4742-B010-FB5D0E8924F4}.Release|x86.Build.0 = Release|Any CPU
		{DA3A9886-FADB-4448-A4DF-6F963BE70D2E}.Debug|Any CPU.ActiveCfg = Debug|Any CPU
		{DA3A9886-FADB-4448-A4DF-6F963BE70D2E}.Debug|Any CPU.Build.0 = Debug|Any CPU
		{DA3A9886-FADB-4448-A4DF-6F963BE70D2E}.Debug|x86.ActiveCfg = Debug|Any CPU
		{DA3A9886-FADB-4448-A4DF-6F963BE70D2E}.Debug|x86.Build.0 = Debug|Any CPU
		{DA3A9886-FADB-4448-A4DF-6F963BE70D2E}.Release|Any CPU.ActiveCfg = Release|Any CPU
		{DA3A9886-FADB-4448-A4DF-6F963BE70D2E}.Release|Any CPU.Build.0 = Release|Any CPU
		{DA3A9886-FADB-4448-A4DF-6F963BE70D2E}.Release|x86.ActiveCfg = Release|Any CPU
		{DA3A9886-FADB-4448-A4DF-6F963BE70D2E}.Release|x86.Build.0 = Release|Any CPU
		{FBCA0D26-738A-412B-B7CB-31526E0BBBA9}.Debug|Any CPU.ActiveCfg = Debug|Any CPU
		{FBCA0D26-738A-412B-B7CB-31526E0BBBA9}.Debug|x86.ActiveCfg = Debug|Any CPU
		{FBCA0D26-738A-412B-B7CB-31526E0BBBA9}.Debug|x86.Build.0 = Debug|Any CPU
		{FBCA0D26-738A-412B-B7CB-31526E0BBBA9}.Release|Any CPU.ActiveCfg = Release|Any CPU
		{FBCA0D26-738A-412B-B7CB-31526E0BBBA9}.Release|Any CPU.Build.0 = Release|Any CPU
		{FBCA0D26-738A-412B-B7CB-31526E0BBBA9}.Release|x86.ActiveCfg = Release|Any CPU
		{FBCA0D26-738A-412B-B7CB-31526E0BBBA9}.Release|x86.Build.0 = Release|Any CPU
		{6EF12D72-5DDC-477E-8140-981667A358E8}.Debug|Any CPU.ActiveCfg = Debug|Any CPU
		{6EF12D72-5DDC-477E-8140-981667A358E8}.Debug|x86.ActiveCfg = Debug|Any CPU
		{6EF12D72-5DDC-477E-8140-981667A358E8}.Debug|x86.Build.0 = Debug|Any CPU
		{6EF12D72-5DDC-477E-8140-981667A358E8}.Release|Any CPU.ActiveCfg = Release|Any CPU
		{6EF12D72-5DDC-477E-8140-981667A358E8}.Release|Any CPU.Build.0 = Release|Any CPU
		{6EF12D72-5DDC-477E-8140-981667A358E8}.Release|x86.ActiveCfg = Release|Any CPU
		{6EF12D72-5DDC-477E-8140-981667A358E8}.Release|x86.Build.0 = Release|Any CPU
		{C20DFD66-778D-4288-827C-DEDF438EB9C6}.Debug|Any CPU.ActiveCfg = Debug|Any CPU
		{C20DFD66-778D-4288-827C-DEDF438EB9C6}.Debug|x86.ActiveCfg = Debug|Any CPU
		{C20DFD66-778D-4288-827C-DEDF438EB9C6}.Debug|x86.Build.0 = Debug|Any CPU
		{C20DFD66-778D-4288-827C-DEDF438EB9C6}.Release|Any CPU.ActiveCfg = Release|Any CPU
		{C20DFD66-778D-4288-827C-DEDF438EB9C6}.Release|Any CPU.Build.0 = Release|Any CPU
		{C20DFD66-778D-4288-827C-DEDF438EB9C6}.Release|x86.ActiveCfg = Release|Any CPU
		{C20DFD66-778D-4288-827C-DEDF438EB9C6}.Release|x86.Build.0 = Release|Any CPU
		{008E28BC-0F58-4CB3-890E-EFD48C21D5C8}.Debug|Any CPU.ActiveCfg = Debug|Any CPU
		{008E28BC-0F58-4CB3-890E-EFD48C21D5C8}.Debug|x86.ActiveCfg = Debug|Any CPU
		{008E28BC-0F58-4CB3-890E-EFD48C21D5C8}.Debug|x86.Build.0 = Debug|Any CPU
		{008E28BC-0F58-4CB3-890E-EFD48C21D5C8}.Release|Any CPU.ActiveCfg = Release|Any CPU
		{008E28BC-0F58-4CB3-890E-EFD48C21D5C8}.Release|Any CPU.Build.0 = Release|Any CPU
		{008E28BC-0F58-4CB3-890E-EFD48C21D5C8}.Release|x86.ActiveCfg = Release|Any CPU
		{008E28BC-0F58-4CB3-890E-EFD48C21D5C8}.Release|x86.Build.0 = Release|Any CPU
		{537AC273-49A0-4850-8A1A-EDD181220A31}.Debug|Any CPU.ActiveCfg = Debug|Any CPU
		{537AC273-49A0-4850-8A1A-EDD181220A31}.Debug|x86.ActiveCfg = Debug|Any CPU
		{537AC273-49A0-4850-8A1A-EDD181220A31}.Debug|x86.Build.0 = Debug|Any CPU
		{537AC273-49A0-4850-8A1A-EDD181220A31}.Release|Any CPU.ActiveCfg = Release|Any CPU
		{537AC273-49A0-4850-8A1A-EDD181220A31}.Release|Any CPU.Build.0 = Release|Any CPU
		{537AC273-49A0-4850-8A1A-EDD181220A31}.Release|x86.ActiveCfg = Release|Any CPU
		{537AC273-49A0-4850-8A1A-EDD181220A31}.Release|x86.Build.0 = Release|Any CPU
		{16E4C6B9-86BD-4CE2-A093-2EEF341454AF}.Debug|Any CPU.ActiveCfg = Debug|Any CPU
		{16E4C6B9-86BD-4CE2-A093-2EEF341454AF}.Debug|x86.ActiveCfg = Debug|Any CPU
		{16E4C6B9-86BD-4CE2-A093-2EEF341454AF}.Debug|x86.Build.0 = Debug|Any CPU
		{16E4C6B9-86BD-4CE2-A093-2EEF341454AF}.Release|Any CPU.ActiveCfg = Release|Any CPU
		{16E4C6B9-86BD-4CE2-A093-2EEF341454AF}.Release|Any CPU.Build.0 = Release|Any CPU
		{16E4C6B9-86BD-4CE2-A093-2EEF341454AF}.Release|x86.ActiveCfg = Release|Any CPU
		{16E4C6B9-86BD-4CE2-A093-2EEF341454AF}.Release|x86.Build.0 = Release|Any CPU
		{9C1A832F-73F8-4AE5-995B-25B252448A8A}.Debug|Any CPU.ActiveCfg = Debug|Any CPU
		{9C1A832F-73F8-4AE5-995B-25B252448A8A}.Debug|x86.ActiveCfg = Debug|Any CPU
		{9C1A832F-73F8-4AE5-995B-25B252448A8A}.Debug|x86.Build.0 = Debug|Any CPU
		{9C1A832F-73F8-4AE5-995B-25B252448A8A}.Release|Any CPU.ActiveCfg = Release|Any CPU
		{9C1A832F-73F8-4AE5-995B-25B252448A8A}.Release|Any CPU.Build.0 = Release|Any CPU
		{9C1A832F-73F8-4AE5-995B-25B252448A8A}.Release|x86.ActiveCfg = Release|Any CPU
		{9C1A832F-73F8-4AE5-995B-25B252448A8A}.Release|x86.Build.0 = Release|Any CPU
		{BEE401D4-14B3-4408-B533-9185B1FAE4A9}.Debug|Any CPU.ActiveCfg = Debug|Any CPU
		{BEE401D4-14B3-4408-B533-9185B1FAE4A9}.Debug|Any CPU.Build.0 = Debug|Any CPU
		{BEE401D4-14B3-4408-B533-9185B1FAE4A9}.Debug|x86.ActiveCfg = Debug|Any CPU
		{BEE401D4-14B3-4408-B533-9185B1FAE4A9}.Debug|x86.Build.0 = Debug|Any CPU
		{BEE401D4-14B3-4408-B533-9185B1FAE4A9}.Release|Any CPU.ActiveCfg = Release|Any CPU
		{BEE401D4-14B3-4408-B533-9185B1FAE4A9}.Release|Any CPU.Build.0 = Release|Any CPU
		{BEE401D4-14B3-4408-B533-9185B1FAE4A9}.Release|x86.ActiveCfg = Release|Any CPU
		{BEE401D4-14B3-4408-B533-9185B1FAE4A9}.Release|x86.Build.0 = Release|Any CPU
	EndGlobalSection
	GlobalSection(SolutionProperties) = preSolution
		HideSolutionNode = FALSE
	EndGlobalSection
	GlobalSection(ExtensibilityGlobals) = postSolution
		SolutionGuid = {E81F45AC-1E55-48FA-BF4E-723CA04C01E7}
	EndGlobalSection
EndGlobal
